// !$*UTF8*$!
{
	archiveVersion = 1;
	classes = {
	};
	objectVersion = 46;
	objects = {

/* Begin PBXBuildFile section */
		0282C5A81D7257FC006686D7 /* AppDelegate.swift in Sources */ = {isa = PBXBuildFile; fileRef = 0282C5A71D7257FC006686D7 /* AppDelegate.swift */; };
		0282C5AA1D7257FC006686D7 /* ViewController.swift in Sources */ = {isa = PBXBuildFile; fileRef = 0282C5A91D7257FC006686D7 /* ViewController.swift */; };
		0282C5AD1D7257FC006686D7 /* Main.storyboard in Resources */ = {isa = PBXBuildFile; fileRef = 0282C5AB1D7257FC006686D7 /* Main.storyboard */; };
		0282C5AF1D7257FC006686D7 /* Assets.xcassets in Resources */ = {isa = PBXBuildFile; fileRef = 0282C5AE1D7257FC006686D7 /* Assets.xcassets */; };
		0282C5B21D7257FC006686D7 /* LaunchScreen.storyboard in Resources */ = {isa = PBXBuildFile; fileRef = 0282C5B01D7257FC006686D7 /* LaunchScreen.storyboard */; };
		0282C5BD1D7257FD006686D7 /* chimehaxTests.swift in Sources */ = {isa = PBXBuildFile; fileRef = 0282C5BC1D7257FD006686D7 /* chimehaxTests.swift */; };
		0282C5C81D7257FD006686D7 /* chimehaxUITests.swift in Sources */ = {isa = PBXBuildFile; fileRef = 0282C5C71D7257FD006686D7 /* chimehaxUITests.swift */; };
		60F11150B90A2C9F3FDA1D9B /* Pods_chimehax.framework in Frameworks */ = {isa = PBXBuildFile; fileRef = 06D99D99B558D9BCCF17563B /* Pods_chimehax.framework */; };
/* End PBXBuildFile section */

/* Begin PBXContainerItemProxy section */
		0282C5B91D7257FD006686D7 /* PBXContainerItemProxy */ = {
			isa = PBXContainerItemProxy;
			containerPortal = 0282C59C1D7257FC006686D7 /* Project object */;
			proxyType = 1;
			remoteGlobalIDString = 0282C5A31D7257FC006686D7;
			remoteInfo = chimehax;
		};
		0282C5C41D7257FD006686D7 /* PBXContainerItemProxy */ = {
			isa = PBXContainerItemProxy;
			containerPortal = 0282C59C1D7257FC006686D7 /* Project object */;
			proxyType = 1;
			remoteGlobalIDString = 0282C5A31D7257FC006686D7;
			remoteInfo = chimehax;
		};
/* End PBXContainerItemProxy section */

/* Begin PBXFileReference section */
		0282C5A41D7257FC006686D7 /* chimehax.app */ = {isa = PBXFileReference; explicitFileType = wrapper.application; includeInIndex = 0; path = chimehax.app; sourceTree = BUILT_PRODUCTS_DIR; };
		0282C5A71D7257FC006686D7 /* AppDelegate.swift */ = {isa = PBXFileReference; lastKnownFileType = sourcecode.swift; path = AppDelegate.swift; sourceTree = "<group>"; };
		0282C5A91D7257FC006686D7 /* ViewController.swift */ = {isa = PBXFileReference; lastKnownFileType = sourcecode.swift; path = ViewController.swift; sourceTree = "<group>"; };
		0282C5AC1D7257FC006686D7 /* Base */ = {isa = PBXFileReference; lastKnownFileType = file.storyboard; name = Base; path = Base.lproj/Main.storyboard; sourceTree = "<group>"; };
		0282C5AE1D7257FC006686D7 /* Assets.xcassets */ = {isa = PBXFileReference; lastKnownFileType = folder.assetcatalog; path = Assets.xcassets; sourceTree = "<group>"; };
		0282C5B11D7257FC006686D7 /* Base */ = {isa = PBXFileReference; lastKnownFileType = file.storyboard; name = Base; path = Base.lproj/LaunchScreen.storyboard; sourceTree = "<group>"; };
		0282C5B31D7257FC006686D7 /* Info.plist */ = {isa = PBXFileReference; lastKnownFileType = text.plist.xml; path = Info.plist; sourceTree = "<group>"; };
		0282C5B81D7257FD006686D7 /* chimehaxTests.xctest */ = {isa = PBXFileReference; explicitFileType = wrapper.cfbundle; includeInIndex = 0; path = chimehaxTests.xctest; sourceTree = BUILT_PRODUCTS_DIR; };
		0282C5BC1D7257FD006686D7 /* chimehaxTests.swift */ = {isa = PBXFileReference; lastKnownFileType = sourcecode.swift; path = chimehaxTests.swift; sourceTree = "<group>"; };
		0282C5BE1D7257FD006686D7 /* Info.plist */ = {isa = PBXFileReference; lastKnownFileType = text.plist.xml; path = Info.plist; sourceTree = "<group>"; };
		0282C5C31D7257FD006686D7 /* chimehaxUITests.xctest */ = {isa = PBXFileReference; explicitFileType = wrapper.cfbundle; includeInIndex = 0; path = chimehaxUITests.xctest; sourceTree = BUILT_PRODUCTS_DIR; };
		0282C5C71D7257FD006686D7 /* chimehaxUITests.swift */ = {isa = PBXFileReference; lastKnownFileType = sourcecode.swift; path = chimehaxUITests.swift; sourceTree = "<group>"; };
		0282C5C91D7257FD006686D7 /* Info.plist */ = {isa = PBXFileReference; lastKnownFileType = text.plist.xml; path = Info.plist; sourceTree = "<group>"; };
		06D99D99B558D9BCCF17563B /* Pods_chimehax.framework */ = {isa = PBXFileReference; explicitFileType = wrapper.framework; includeInIndex = 0; path = Pods_chimehax.framework; sourceTree = BUILT_PRODUCTS_DIR; };
		88D67DD7D01395DD76AB1734 /* Pods-chimehax.debug.xcconfig */ = {isa = PBXFileReference; includeInIndex = 1; lastKnownFileType = text.xcconfig; name = "Pods-chimehax.debug.xcconfig"; path = "Pods/Target Support Files/Pods-chimehax/Pods-chimehax.debug.xcconfig"; sourceTree = "<group>"; };
		E2FAE0D19F86E7174AE4FCF6 /* Pods-chimehax.release.xcconfig */ = {isa = PBXFileReference; includeInIndex = 1; lastKnownFileType = text.xcconfig; name = "Pods-chimehax.release.xcconfig"; path = "Pods/Target Support Files/Pods-chimehax/Pods-chimehax.release.xcconfig"; sourceTree = "<group>"; };
/* End PBXFileReference section */

/* Begin PBXFrameworksBuildPhase section */
		0282C5A11D7257FC006686D7 /* Frameworks */ = {
			isa = PBXFrameworksBuildPhase;
			buildActionMask = 2147483647;
			files = (
				60F11150B90A2C9F3FDA1D9B /* Pods_chimehax.framework in Frameworks */,
			);
			runOnlyForDeploymentPostprocessing = 0;
		};
		0282C5B51D7257FD006686D7 /* Frameworks */ = {
			isa = PBXFrameworksBuildPhase;
			buildActionMask = 2147483647;
			files = (
			);
			runOnlyForDeploymentPostprocessing = 0;
		};
		0282C5C01D7257FD006686D7 /* Frameworks */ = {
			isa = PBXFrameworksBuildPhase;
			buildActionMask = 2147483647;
			files = (
			);
			runOnlyForDeploymentPostprocessing = 0;
		};
/* End PBXFrameworksBuildPhase section */

/* Begin PBXGroup section */
		0282C59B1D7257FC006686D7 = {
			isa = PBXGroup;
			children = (
				0282C5A61D7257FC006686D7 /* chimehax */,
				0282C5BB1D7257FD006686D7 /* chimehaxTests */,
				0282C5C61D7257FD006686D7 /* chimehaxUITests */,
				0282C5A51D7257FC006686D7 /* Products */,
				1B6AFE576E389F8D5C03BBBB /* Pods */,
				4B94A56E9F5A5AB684B1D447 /* Frameworks */,
			);
			sourceTree = "<group>";
		};
		0282C5A51D7257FC006686D7 /* Products */ = {
			isa = PBXGroup;
			children = (
				0282C5A41D7257FC006686D7 /* chimehax.app */,
				0282C5B81D7257FD006686D7 /* chimehaxTests.xctest */,
				0282C5C31D7257FD006686D7 /* chimehaxUITests.xctest */,
			);
			name = Products;
			sourceTree = "<group>";
		};
		0282C5A61D7257FC006686D7 /* chimehax */ = {
			isa = PBXGroup;
			children = (
				0282C5A71D7257FC006686D7 /* AppDelegate.swift */,
				0282C5A91D7257FC006686D7 /* ViewController.swift */,
				0282C5AB1D7257FC006686D7 /* Main.storyboard */,
				0282C5AE1D7257FC006686D7 /* Assets.xcassets */,
				0282C5B01D7257FC006686D7 /* LaunchScreen.storyboard */,
				0282C5B31D7257FC006686D7 /* Info.plist */,
			);
			path = chimehax;
			sourceTree = "<group>";
		};
		0282C5BB1D7257FD006686D7 /* chimehaxTests */ = {
			isa = PBXGroup;
			children = (
				0282C5BC1D7257FD006686D7 /* chimehaxTests.swift */,
				0282C5BE1D7257FD006686D7 /* Info.plist */,
			);
			path = chimehaxTests;
			sourceTree = "<group>";
		};
		0282C5C61D7257FD006686D7 /* chimehaxUITests */ = {
			isa = PBXGroup;
			children = (
				0282C5C71D7257FD006686D7 /* chimehaxUITests.swift */,
				0282C5C91D7257FD006686D7 /* Info.plist */,
			);
			path = chimehaxUITests;
			sourceTree = "<group>";
		};
		1B6AFE576E389F8D5C03BBBB /* Pods */ = {
			isa = PBXGroup;
			children = (
				88D67DD7D01395DD76AB1734 /* Pods-chimehax.debug.xcconfig */,
				E2FAE0D19F86E7174AE4FCF6 /* Pods-chimehax.release.xcconfig */,
			);
			name = Pods;
			sourceTree = "<group>";
		};
		4B94A56E9F5A5AB684B1D447 /* Frameworks */ = {
			isa = PBXGroup;
			children = (
				06D99D99B558D9BCCF17563B /* Pods_chimehax.framework */,
			);
			name = Frameworks;
			sourceTree = "<group>";
		};
/* End PBXGroup section */

/* Begin PBXNativeTarget section */
		0282C5A31D7257FC006686D7 /* chimehax */ = {
			isa = PBXNativeTarget;
			buildConfigurationList = 0282C5CC1D7257FD006686D7 /* Build configuration list for PBXNativeTarget "chimehax" */;
			buildPhases = (
				B860874E97D364514BE444C3 /* Check Pods Manifest.lock */,
				0282C5A01D7257FC006686D7 /* Sources */,
				0282C5A11D7257FC006686D7 /* Frameworks */,
				0282C5A21D7257FC006686D7 /* Resources */,
				E1CBFDFF70F97F38D7208516 /* Embed Pods Frameworks */,
				A596191512E602885BC089DA /* Copy Pods Resources */,
			);
			buildRules = (
			);
			dependencies = (
			);
			name = chimehax;
			productName = chimehax;
			productReference = 0282C5A41D7257FC006686D7 /* chimehax.app */;
			productType = "com.apple.product-type.application";
		};
		0282C5B71D7257FD006686D7 /* chimehaxTests */ = {
			isa = PBXNativeTarget;
			buildConfigurationList = 0282C5CF1D7257FD006686D7 /* Build configuration list for PBXNativeTarget "chimehaxTests" */;
			buildPhases = (
				0282C5B41D7257FD006686D7 /* Sources */,
				0282C5B51D7257FD006686D7 /* Frameworks */,
				0282C5B61D7257FD006686D7 /* Resources */,
			);
			buildRules = (
			);
			dependencies = (
				0282C5BA1D7257FD006686D7 /* PBXTargetDependency */,
			);
			name = chimehaxTests;
			productName = chimehaxTests;
			productReference = 0282C5B81D7257FD006686D7 /* chimehaxTests.xctest */;
			productType = "com.apple.product-type.bundle.unit-test";
		};
		0282C5C21D7257FD006686D7 /* chimehaxUITests */ = {
			isa = PBXNativeTarget;
			buildConfigurationList = 0282C5D21D7257FD006686D7 /* Build configuration list for PBXNativeTarget "chimehaxUITests" */;
			buildPhases = (
				0282C5BF1D7257FD006686D7 /* Sources */,
				0282C5C01D7257FD006686D7 /* Frameworks */,
				0282C5C11D7257FD006686D7 /* Resources */,
			);
			buildRules = (
			);
			dependencies = (
				0282C5C51D7257FD006686D7 /* PBXTargetDependency */,
			);
			name = chimehaxUITests;
			productName = chimehaxUITests;
			productReference = 0282C5C31D7257FD006686D7 /* chimehaxUITests.xctest */;
			productType = "com.apple.product-type.bundle.ui-testing";
		};
/* End PBXNativeTarget section */

/* Begin PBXProject section */
		0282C59C1D7257FC006686D7 /* Project object */ = {
			isa = PBXProject;
			attributes = {
				LastSwiftUpdateCheck = 0730;
				LastUpgradeCheck = 0730;
				ORGANIZATIONNAME = "Jesse Liang";
				TargetAttributes = {
					0282C5A31D7257FC006686D7 = {
						CreatedOnToolsVersion = 7.3.1;
						DevelopmentTeam = H598HBDDJ8;
					};
					0282C5B71D7257FD006686D7 = {
						CreatedOnToolsVersion = 7.3.1;
						DevelopmentTeam = H598HBDDJ8;
						TestTargetID = 0282C5A31D7257FC006686D7;
					};
					0282C5C21D7257FD006686D7 = {
						CreatedOnToolsVersion = 7.3.1;
						DevelopmentTeam = H598HBDDJ8;
						TestTargetID = 0282C5A31D7257FC006686D7;
					};
				};
			};
			buildConfigurationList = 0282C59F1D7257FC006686D7 /* Build configuration list for PBXProject "chimehax" */;
			compatibilityVersion = "Xcode 3.2";
			developmentRegion = English;
			hasScannedForEncodings = 0;
			knownRegions = (
				en,
				Base,
			);
			mainGroup = 0282C59B1D7257FC006686D7;
			productRefGroup = 0282C5A51D7257FC006686D7 /* Products */;
			projectDirPath = "";
			projectRoot = "";
			targets = (
				0282C5A31D7257FC006686D7 /* chimehax */,
				0282C5B71D7257FD006686D7 /* chimehaxTests */,
				0282C5C21D7257FD006686D7 /* chimehaxUITests */,
			);
		};
/* End PBXProject section */

/* Begin PBXResourcesBuildPhase section */
		0282C5A21D7257FC006686D7 /* Resources */ = {
			isa = PBXResourcesBuildPhase;
			buildActionMask = 2147483647;
			files = (
				0282C5B21D7257FC006686D7 /* LaunchScreen.storyboard in Resources */,
				0282C5AF1D7257FC006686D7 /* Assets.xcassets in Resources */,
				0282C5AD1D7257FC006686D7 /* Main.storyboard in Resources */,
			);
			runOnlyForDeploymentPostprocessing = 0;
		};
		0282C5B61D7257FD006686D7 /* Resources */ = {
			isa = PBXResourcesBuildPhase;
			buildActionMask = 2147483647;
			files = (
			);
			runOnlyForDeploymentPostprocessing = 0;
		};
		0282C5C11D7257FD006686D7 /* Resources */ = {
			isa = PBXResourcesBuildPhase;
			buildActionMask = 2147483647;
			files = (
			);
			runOnlyForDeploymentPostprocessing = 0;
		};
/* End PBXResourcesBuildPhase section */

/* Begin PBXShellScriptBuildPhase section */
		A596191512E602885BC089DA /* Copy Pods Resources */ = {
			isa = PBXShellScriptBuildPhase;
			buildActionMask = 2147483647;
			files = (
			);
			inputPaths = (
			);
			name = "Copy Pods Resources";
			outputPaths = (
			);
			runOnlyForDeploymentPostprocessing = 0;
			shellPath = /bin/sh;
			shellScript = "\"${SRCROOT}/Pods/Target Support Files/Pods-chimehax/Pods-chimehax-resources.sh\"\n";
			showEnvVarsInLog = 0;
		};
		B860874E97D364514BE444C3 /* Check Pods Manifest.lock */ = {
			isa = PBXShellScriptBuildPhase;
			buildActionMask = 2147483647;
			files = (
			);
			inputPaths = (
			);
			name = "Check Pods Manifest.lock";
			outputPaths = (
			);
			runOnlyForDeploymentPostprocessing = 0;
			shellPath = /bin/sh;
			shellScript = "diff \"${PODS_ROOT}/../Podfile.lock\" \"${PODS_ROOT}/Manifest.lock\" > /dev/null\nif [[ $? != 0 ]] ; then\n    cat << EOM\nerror: The sandbox is not in sync with the Podfile.lock. Run 'pod install' or update your CocoaPods installation.\nEOM\n    exit 1\nfi\n";
			showEnvVarsInLog = 0;
		};
		E1CBFDFF70F97F38D7208516 /* Embed Pods Frameworks */ = {
			isa = PBXShellScriptBuildPhase;
			buildActionMask = 2147483647;
			files = (
			);
			inputPaths = (
			);
			name = "Embed Pods Frameworks";
			outputPaths = (
			);
			runOnlyForDeploymentPostprocessing = 0;
			shellPath = /bin/sh;
			shellScript = "\"${SRCROOT}/Pods/Target Support Files/Pods-chimehax/Pods-chimehax-frameworks.sh\"\n";
			showEnvVarsInLog = 0;
		};
/* End PBXShellScriptBuildPhase section */

/* Begin PBXSourcesBuildPhase section */
		0282C5A01D7257FC006686D7 /* Sources */ = {
			isa = PBXSourcesBuildPhase;
			buildActionMask = 2147483647;
			files = (
				0282C5AA1D7257FC006686D7 /* ViewController.swift in Sources */,
				0282C5A81D7257FC006686D7 /* AppDelegate.swift in Sources */,
			);
			runOnlyForDeploymentPostprocessing = 0;
		};
		0282C5B41D7257FD006686D7 /* Sources */ = {
			isa = PBXSourcesBuildPhase;
			buildActionMask = 2147483647;
			files = (
				0282C5BD1D7257FD006686D7 /* chimehaxTests.swift in Sources */,
			);
			runOnlyForDeploymentPostprocessing = 0;
		};
		0282C5BF1D7257FD006686D7 /* Sources */ = {
			isa = PBXSourcesBuildPhase;
			buildActionMask = 2147483647;
			files = (
				0282C5C81D7257FD006686D7 /* chimehaxUITests.swift in Sources */,
			);
			runOnlyForDeploymentPostprocessing = 0;
		};
/* End PBXSourcesBuildPhase section */

/* Begin PBXTargetDependency section */
		0282C5BA1D7257FD006686D7 /* PBXTargetDependency */ = {
			isa = PBXTargetDependency;
			target = 0282C5A31D7257FC006686D7 /* chimehax */;
			targetProxy = 0282C5B91D7257FD006686D7 /* PBXContainerItemProxy */;
		};
		0282C5C51D7257FD006686D7 /* PBXTargetDependency */ = {
			isa = PBXTargetDependency;
			target = 0282C5A31D7257FC006686D7 /* chimehax */;
			targetProxy = 0282C5C41D7257FD006686D7 /* PBXContainerItemProxy */;
		};
/* End PBXTargetDependency section */

/* Begin PBXVariantGroup section */
		0282C5AB1D7257FC006686D7 /* Main.storyboard */ = {
			isa = PBXVariantGroup;
			children = (
				0282C5AC1D7257FC006686D7 /* Base */,
			);
			name = Main.storyboard;
			sourceTree = "<group>";
		};
		0282C5B01D7257FC006686D7 /* LaunchScreen.storyboard */ = {
			isa = PBXVariantGroup;
			children = (
				0282C5B11D7257FC006686D7 /* Base */,
			);
			name = LaunchScreen.storyboard;
			sourceTree = "<group>";
		};
/* End PBXVariantGroup section */

/* Begin XCBuildConfiguration section */
		0282C5CA1D7257FD006686D7 /* Debug */ = {
			isa = XCBuildConfiguration;
			buildSettings = {
				ALWAYS_SEARCH_USER_PATHS = NO;
				CLANG_ANALYZER_NONNULL = YES;
				CLANG_CXX_LANGUAGE_STANDARD = "gnu++0x";
				CLANG_CXX_LIBRARY = "libc++";
				CLANG_ENABLE_MODULES = YES;
				CLANG_ENABLE_OBJC_ARC = YES;
				CLANG_WARN_BOOL_CONVERSION = YES;
				CLANG_WARN_CONSTANT_CONVERSION = YES;
				CLANG_WARN_DIRECT_OBJC_ISA_USAGE = YES_ERROR;
				CLANG_WARN_EMPTY_BODY = YES;
				CLANG_WARN_ENUM_CONVERSION = YES;
				CLANG_WARN_INT_CONVERSION = YES;
				CLANG_WARN_OBJC_ROOT_CLASS = YES_ERROR;
				CLANG_WARN_UNREACHABLE_CODE = YES;
				CLANG_WARN__DUPLICATE_METHOD_MATCH = YES;
				"CODE_SIGN_IDENTITY[sdk=iphoneos*]" = "iPhone Developer";
				COPY_PHASE_STRIP = NO;
				DEBUG_INFORMATION_FORMAT = dwarf;
				ENABLE_STRICT_OBJC_MSGSEND = YES;
				ENABLE_TESTABILITY = YES;
				GCC_C_LANGUAGE_STANDARD = gnu99;
				GCC_DYNAMIC_NO_PIC = NO;
				GCC_NO_COMMON_BLOCKS = YES;
				GCC_OPTIMIZATION_LEVEL = 0;
				GCC_PREPROCESSOR_DEFINITIONS = (
					"DEBUG=1",
					"$(inherited)",
				);
				GCC_WARN_64_TO_32_BIT_CONVERSION = YES;
				GCC_WARN_ABOUT_RETURN_TYPE = YES_ERROR;
				GCC_WARN_UNDECLARED_SELECTOR = YES;
				GCC_WARN_UNINITIALIZED_AUTOS = YES_AGGRESSIVE;
				GCC_WARN_UNUSED_FUNCTION = YES;
				GCC_WARN_UNUSED_VARIABLE = YES;
				IPHONEOS_DEPLOYMENT_TARGET = 9.3;
				MTL_ENABLE_DEBUG_INFO = YES;
				ONLY_ACTIVE_ARCH = YES;
				SDKROOT = iphoneos;
				SWIFT_OPTIMIZATION_LEVEL = "-Onone";
				TARGETED_DEVICE_FAMILY = "1,2";
			};
			name = Debug;
		};
		0282C5CB1D7257FD006686D7 /* Release */ = {
			isa = XCBuildConfiguration;
			buildSettings = {
				ALWAYS_SEARCH_USER_PATHS = NO;
				CLANG_ANALYZER_NONNULL = YES;
				CLANG_CXX_LANGUAGE_STANDARD = "gnu++0x";
				CLANG_CXX_LIBRARY = "libc++";
				CLANG_ENABLE_MODULES = YES;
				CLANG_ENABLE_OBJC_ARC = YES;
				CLANG_WARN_BOOL_CONVERSION = YES;
				CLANG_WARN_CONSTANT_CONVERSION = YES;
				CLANG_WARN_DIRECT_OBJC_ISA_USAGE = YES_ERROR;
				CLANG_WARN_EMPTY_BODY = YES;
				CLANG_WARN_ENUM_CONVERSION = YES;
				CLANG_WARN_INT_CONVERSION = YES;
				CLANG_WARN_OBJC_ROOT_CLASS = YES_ERROR;
				CLANG_WARN_UNREACHABLE_CODE = YES;
				CLANG_WARN__DUPLICATE_METHOD_MATCH = YES;
				"CODE_SIGN_IDENTITY[sdk=iphoneos*]" = "iPhone Developer";
				COPY_PHASE_STRIP = NO;
				DEBUG_INFORMATION_FORMAT = "dwarf-with-dsym";
				ENABLE_NS_ASSERTIONS = NO;
				ENABLE_STRICT_OBJC_MSGSEND = YES;
				GCC_C_LANGUAGE_STANDARD = gnu99;
				GCC_NO_COMMON_BLOCKS = YES;
				GCC_WARN_64_TO_32_BIT_CONVERSION = YES;
				GCC_WARN_ABOUT_RETURN_TYPE = YES_ERROR;
				GCC_WARN_UNDECLARED_SELECTOR = YES;
				GCC_WARN_UNINITIALIZED_AUTOS = YES_AGGRESSIVE;
				GCC_WARN_UNUSED_FUNCTION = YES;
				GCC_WARN_UNUSED_VARIABLE = YES;
				IPHONEOS_DEPLOYMENT_TARGET = 9.3;
				MTL_ENABLE_DEBUG_INFO = NO;
				SDKROOT = iphoneos;
				TARGETED_DEVICE_FAMILY = "1,2";
				VALIDATE_PRODUCT = YES;
			};
			name = Release;
		};
		0282C5CD1D7257FD006686D7 /* Debug */ = {
			isa = XCBuildConfiguration;
			baseConfigurationReference = 88D67DD7D01395DD76AB1734 /* Pods-chimehax.debug.xcconfig */;
			buildSettings = {
				ASSETCATALOG_COMPILER_APPICON_NAME = AppIcon;
				ENABLE_BITCODE = YES;
				INFOPLIST_FILE = chimehax/Info.plist;
				LD_RUNPATH_SEARCH_PATHS = "$(inherited) @executable_path/Frameworks";
				PRODUCT_BUNDLE_IDENTIFIER = com.jesseliang.chimehax;
				PRODUCT_NAME = "$(TARGET_NAME)";
			};
			name = Debug;
		};
		0282C5CE1D7257FD006686D7 /* Release */ = {
			isa = XCBuildConfiguration;
			baseConfigurationReference = E2FAE0D19F86E7174AE4FCF6 /* Pods-chimehax.release.xcconfig */;
			buildSettings = {
				ASSETCATALOG_COMPILER_APPICON_NAME = AppIcon;
				ENABLE_BITCODE = YES;
				INFOPLIST_FILE = chimehax/Info.plist;
				LD_RUNPATH_SEARCH_PATHS = "$(inherited) @executable_path/Frameworks";
				PRODUCT_BUNDLE_IDENTIFIER = com.jesseliang.chimehax;
				PRODUCT_NAME = "$(TARGET_NAME)";
			};
			name = Release;
		};
		0282C5D01D7257FD006686D7 /* Debug */ = {
			isa = XCBuildConfiguration;
			buildSettings = {
				BUNDLE_LOADER = "$(TEST_HOST)";
				INFOPLIST_FILE = chimehaxTests/Info.plist;
				LD_RUNPATH_SEARCH_PATHS = "$(inherited) @executable_path/Frameworks @loader_path/Frameworks";
				PRODUCT_BUNDLE_IDENTIFIER = com.jesseliang.chimehaxTests;
				PRODUCT_NAME = "$(TARGET_NAME)";
				TEST_HOST = "$(BUILT_PRODUCTS_DIR)/chimehax.app/chimehax";
			};
			name = Debug;
		};
		0282C5D11D7257FD006686D7 /* Release */ = {
			isa = XCBuildConfiguration;
			buildSettings = {
				BUNDLE_LOADER = "$(TEST_HOST)";
				INFOPLIST_FILE = chimehaxTests/Info.plist;
				LD_RUNPATH_SEARCH_PATHS = "$(inherited) @executable_path/Frameworks @loader_path/Frameworks";
				PRODUCT_BUNDLE_IDENTIFIER = com.jesseliang.chimehaxTests;
				PRODUCT_NAME = "$(TARGET_NAME)";
				TEST_HOST = "$(BUILT_PRODUCTS_DIR)/chimehax.app/chimehax";
			};
			name = Release;
		};
		0282C5D31D7257FD006686D7 /* Debug */ = {
			isa = XCBuildConfiguration;
			buildSettings = {
				INFOPLIST_FILE = chimehaxUITests/Info.plist;
				LD_RUNPATH_SEARCH_PATHS = "$(inherited) @executable_path/Frameworks @loader_path/Frameworks";
				PRODUCT_BUNDLE_IDENTIFIER = com.jesseliang.chimehaxUITests;
				PRODUCT_NAME = "$(TARGET_NAME)";
				TEST_TARGET_NAME = chimehax;
			};
			name = Debug;
		};
		0282C5D41D7257FD006686D7 /* Release */ = {
			isa = XCBuildConfiguration;
			buildSettings = {
				INFOPLIST_FILE = chimehaxUITests/Info.plist;
				LD_RUNPATH_SEARCH_PATHS = "$(inherited) @executable_path/Frameworks @loader_path/Frameworks";
				PRODUCT_BUNDLE_IDENTIFIER = com.jesseliang.chimehaxUITests;
				PRODUCT_NAME = "$(TARGET_NAME)";
				TEST_TARGET_NAME = chimehax;
			};
			name = Release;
		};
/* End XCBuildConfiguration section */

/* Begin XCConfigurationList section */
		0282C59F1D7257FC006686D7 /* Build configuration list for PBXProject "chimehax" */ = {
			isa = XCConfigurationList;
			buildConfigurations = (
				0282C5CA1D7257FD006686D7 /* Debug */,
				0282C5CB1D7257FD006686D7 /* Release */,
			);
			defaultConfigurationIsVisible = 0;
			defaultConfigurationName = Release;
		};
		0282C5CC1D7257FD006686D7 /* Build configuration list for PBXNativeTarget "chimehax" */ = {
			isa = XCConfigurationList;
			buildConfigurations = (
				0282C5CD1D7257FD006686D7 /* Debug */,
				0282C5CE1D7257FD006686D7 /* Release */,
			);
			defaultConfigurationIsVisible = 0;
			defaultConfigurationName = Release;
		};
		0282C5CF1D7257FD006686D7 /* Build configuration list for PBXNativeTarget "chimehaxTests" */ = {
			isa = XCConfigurationList;
			buildConfigurations = (
				0282C5D01D7257FD006686D7 /* Debug */,
				0282C5D11D7257FD006686D7 /* Release */,
			);
			defaultConfigurationIsVisible = 0;
			defaultConfigurationName = Release;
		};
		0282C5D21D7257FD006686D7 /* Build configuration list for PBXNativeTarget "chimehaxUITests" */ = {
			isa = XCConfigurationList;
			buildConfigurations = (
				0282C5D31D7257FD006686D7 /* Debug */,
				0282C5D41D7257FD006686D7 /* Release */,
			);
			defaultConfigurationIsVisible = 0;
			defaultConfigurationName = Release;
		};
/* End XCConfigurationList section */
	};
	rootObject = 0282C59C1D7257FC006686D7 /* Project object */;
}
